
Microsoft Visual Studio Solution File, Format Version 12.00
# Visual Studio Version 16
VisualStudioVersion = 16.0.30717.126
MinimumVisualStudioVersion = 10.0.40219.1
Project("{9A19103F-16F7-4668-BE54-9A1E7A4F7556}") = "Core Console", "Core Console\Core Console.csproj", "{EAF6A2E3-AD8C-4A11-A72E-44827384AB6A}"
EndProject
Project("{9A19103F-16F7-4668-BE54-9A1E7A4F7556}") = "ConsoleCommander", "ConsoleCommander\ConsoleCommander.csproj", "{9D710D80-E806-4A7B-8A54-E096D3969208}"
EndProject
Project("{2150E333-8FDC-42A3-9474-1A3956D46DE8}") = "Solution Items", "Solution Items", "{8728E78F-1346-463F-9569-786CD98A0CBF}"
	ProjectSection(SolutionItems) = preProject
		pushToNuget.bat = pushToNuget.bat
	EndProjectSection
EndProject
Global
	GlobalSection(SolutionConfigurationPlatforms) = preSolution
		Debug|Any CPU = Debug|Any CPU
		Release|Any CPU = Release|Any CPU
	EndGlobalSection
	GlobalSection(ProjectConfigurationPlatforms) = postSolution
		{EAF6A2E3-AD8C-4A11-A72E-44827384AB6A}.Debug|Any CPU.ActiveCfg = Debug|Any CPU
		{EAF6A2E3-AD8C-4A11-A72E-44827384AB6A}.Debug|Any CPU.Build.0 = Debug|Any CPU
		{EAF6A2E3-AD8C-4A11-A72E-44827384AB6A}.Release|Any CPU.ActiveCfg = Release|Any CPU
		{EAF6A2E3-AD8C-4A11-A72E-44827384AB6A}.Release|Any CPU.Build.0 = Release|Any CPU
		{9D710D80-E806-4A7B-8A54-E096D3969208}.Debug|Any CPU.ActiveCfg = Debug|Any CPU
		{9D710D80-E806-4A7B-8A54-E096D3969208}.Debug|Any CPU.Build.0 = Debug|Any CPU
		{9D710D80-E806-4A7B-8A54-E096D3969208}.Release|Any CPU.ActiveCfg = Release|Any CPU
		{9D710D80-E806-4A7B-8A54-E096D3969208}.Release|Any CPU.Build.0 = Release|Any CPU
	EndGlobalSection
	GlobalSection(SolutionProperties) = preSolution
		HideSolutionNode = FALSE
	EndGlobalSection
	GlobalSection(ExtensibilityGlobals) = postSolution
		SolutionGuid = {B6BB1939-7D52-4A94-A67B-AA10EE760CE2}
	EndGlobalSection
EndGlobal
